
Microsoft Visual Studio Solution File, Format Version 12.00
# Visual Studio Version 16
VisualStudioVersion = 16.0.31911.196
MinimumVisualStudioVersion = 10.0.40219.1
Project("{FAE04EC0-301F-11D3-BF4B-00C04F79EFBC}") = "BTLQuanLyThiTracNghiem", "BTLQuanLyThiTracNghiem\BTLQuanLyThiTracNghiem.csproj", "{2C56308D-285B-44C7-95DD-E9515DE824EC}"
EndProject
Global
	GlobalSection(SolutionConfigurationPlatforms) = preSolution
		Debug|Any CPU = Debug|Any CPU
		Release|Any CPU = Release|Any CPU
	EndGlobalSection
	GlobalSection(ProjectConfigurationPlatforms) = postSolution
		{2C56308D-285B-44C7-95DD-E9515DE824EC}.Debug|Any CPU.ActiveCfg = Debug|Any CPU
		{2C56308D-285B-44C7-95DD-E9515DE824EC}.Debug|Any CPU.Build.0 = Debug|Any CPU
		{2C56308D-285B-44C7-95DD-E9515DE824EC}.Release|Any CPU.ActiveCfg = Release|Any CPU
		{2C56308D-285B-44C7-95DD-E9515DE824EC}.Release|Any CPU.Build.0 = Release|Any CPU
	EndGlobalSection
	GlobalSection(SolutionProperties) = preSolution
		HideSolutionNode = FALSE
	EndGlobalSection
	GlobalSection(ExtensibilityGlobals) = postSolution
		SolutionGuid = {CDE7436B-AD2A-43B2-BDB1-D79F59B24A2E}
	EndGlobalSection
EndGlobal
